
Microsoft Visual Studio Solution File, Format Version 12.00
# Visual Studio 14
VisualStudioVersion = 14.0.23107.0
MinimumVisualStudioVersion = 10.0.40219.1
Project("{2150E333-8FDC-42A3-9474-1A3956D46DE8}") = "src", "src", "{7E7AD78F-E4F7-4E28-B582-13B62991263D}"
EndProject
Project("{2150E333-8FDC-42A3-9474-1A3956D46DE8}") = "Solution Items", "Solution Items", "{DA6C4E3B-F74E-427C-AF28-B6F99AC99BF7}"
	ProjectSection(SolutionItems) = preProject
		global.json = global.json
	EndProjectSection
EndProject
Project("{8BB2217D-0F2D-49D1-97BC-3654ED321F3B}") = "Tinytots.English.Master", "src\Tinytots.English.Master\Tinytots.English.Master.xproj", "{D316CD86-6741-417A-BF37-E6F54654839C}"
EndProject
Project("{8BB2217D-0F2D-49D1-97BC-3654ED321F3B}") = "Tinytots.English.DataAccess", "src\Tinytots.English.DataAccess\Tinytots.English.DataAccess.xproj", "{796F136B-E344-4067-BD5C-BEF5BC377268}"
EndProject
Project("{8BB2217D-0F2D-49D1-97BC-3654ED321F3B}") = "Tinytots.English.Business", "src\Tinytots.English.Business\Tinytots.English.Business.xproj", "{52716419-EEE1-405F-9C7F-0166990E9A02}"
EndProject
Global
	GlobalSection(SolutionConfigurationPlatforms) = preSolution
		Debug|Any CPU = Debug|Any CPU
		Release|Any CPU = Release|Any CPU
	EndGlobalSection
	GlobalSection(ProjectConfigurationPlatforms) = postSolution
		{D316CD86-6741-417A-BF37-E6F54654839C}.Debug|Any CPU.ActiveCfg = Debug|Any CPU
		{D316CD86-6741-417A-BF37-E6F54654839C}.Debug|Any CPU.Build.0 = Debug|Any CPU
		{D316CD86-6741-417A-BF37-E6F54654839C}.Release|Any CPU.ActiveCfg = Release|Any CPU
		{D316CD86-6741-417A-BF37-E6F54654839C}.Release|Any CPU.Build.0 = Release|Any CPU
		{796F136B-E344-4067-BD5C-BEF5BC377268}.Debug|Any CPU.ActiveCfg = Debug|Any CPU
		{796F136B-E344-4067-BD5C-BEF5BC377268}.Debug|Any CPU.Build.0 = Debug|Any CPU
		{796F136B-E344-4067-BD5C-BEF5BC377268}.Release|Any CPU.ActiveCfg = Release|Any CPU
		{796F136B-E344-4067-BD5C-BEF5BC377268}.Release|Any CPU.Build.0 = Release|Any CPU
		{52716419-EEE1-405F-9C7F-0166990E9A02}.Debug|Any CPU.ActiveCfg = Debug|Any CPU
		{52716419-EEE1-405F-9C7F-0166990E9A02}.Debug|Any CPU.Build.0 = Debug|Any CPU
		{52716419-EEE1-405F-9C7F-0166990E9A02}.Release|Any CPU.ActiveCfg = Release|Any CPU
		{52716419-EEE1-405F-9C7F-0166990E9A02}.Release|Any CPU.Build.0 = Release|Any CPU
	EndGlobalSection
	GlobalSection(SolutionProperties) = preSolution
		HideSolutionNode = FALSE
	EndGlobalSection
	GlobalSection(NestedProjects) = preSolution
		{D316CD86-6741-417A-BF37-E6F54654839C} = {7E7AD78F-E4F7-4E28-B582-13B62991263D}
		{796F136B-E344-4067-BD5C-BEF5BC377268} = {7E7AD78F-E4F7-4E28-B582-13B62991263D}
		{52716419-EEE1-405F-9C7F-0166990E9A02} = {7E7AD78F-E4F7-4E28-B582-13B62991263D}
	EndGlobalSection
EndGlobal
